// !$*UTF8*$!
{
	archiveVersion = 1;
	classes = {
	};
	objectVersion = 46;
	objects = {

/* Begin PBXBuildFile section */
		8CBC4D2F1C20C94A00E17510 /* AppDelegate.swift in Sources */ = {isa = PBXBuildFile; fileRef = 8CBC4D2E1C20C94A00E17510 /* AppDelegate.swift */; };
		8CBC4D311C20C94A00E17510 /* ViewController.swift in Sources */ = {isa = PBXBuildFile; fileRef = 8CBC4D301C20C94A00E17510 /* ViewController.swift */; };
		8CBC4D341C20C94A00E17510 /* Main.storyboard in Resources */ = {isa = PBXBuildFile; fileRef = 8CBC4D321C20C94A00E17510 /* Main.storyboard */; };
		8CBC4D361C20C94A00E17510 /* Assets.xcassets in Resources */ = {isa = PBXBuildFile; fileRef = 8CBC4D351C20C94A00E17510 /* Assets.xcassets */; };
		8CBC4D391C20C94A00E17510 /* LaunchScreen.storyboard in Resources */ = {isa = PBXBuildFile; fileRef = 8CBC4D371C20C94A00E17510 /* LaunchScreen.storyboard */; };
		8CBC4D441C20C94A00E17510 /* CymbalsTests.swift in Sources */ = {isa = PBXBuildFile; fileRef = 8CBC4D431C20C94A00E17510 /* CymbalsTests.swift */; };
		8CBC4D4F1C20C94A00E17510 /* CymbalsUITests.swift in Sources */ = {isa = PBXBuildFile; fileRef = 8CBC4D4E1C20C94A00E17510 /* CymbalsUITests.swift */; };
/* End PBXBuildFile section */

/* Begin PBXContainerItemProxy section */
		8CBC4D401C20C94A00E17510 /* PBXContainerItemProxy */ = {
			isa = PBXContainerItemProxy;
			containerPortal = 8CBC4D231C20C94A00E17510 /* Project object */;
			proxyType = 1;
			remoteGlobalIDString = 8CBC4D2A1C20C94A00E17510;
			remoteInfo = Cymbals;
		};
		8CBC4D4B1C20C94A00E17510 /* PBXContainerItemProxy */ = {
			isa = PBXContainerItemProxy;
			containerPortal = 8CBC4D231C20C94A00E17510 /* Project object */;
			proxyType = 1;
			remoteGlobalIDString = 8CBC4D2A1C20C94A00E17510;
			remoteInfo = Cymbals;
		};
/* End PBXContainerItemProxy section */

/* Begin PBXFileReference section */
		8CBC4D2B1C20C94A00E17510 /* Cymbals.app */ = {isa = PBXFileReference; explicitFileType = wrapper.application; includeInIndex = 0; path = Cymbals.app; sourceTree = BUILT_PRODUCTS_DIR; };
		8CBC4D2E1C20C94A00E17510 /* AppDelegate.swift */ = {isa = PBXFileReference; lastKnownFileType = sourcecode.swift; path = AppDelegate.swift; sourceTree = "<group>"; };
		8CBC4D301C20C94A00E17510 /* ViewController.swift */ = {isa = PBXFileReference; lastKnownFileType = sourcecode.swift; path = ViewController.swift; sourceTree = "<group>"; };
		8CBC4D331C20C94A00E17510 /* Base */ = {isa = PBXFileReference; lastKnownFileType = file.storyboard; name = Base; path = Base.lproj/Main.storyboard; sourceTree = "<group>"; };
		8CBC4D351C20C94A00E17510 /* Assets.xcassets */ = {isa = PBXFileReference; lastKnownFileType = folder.assetcatalog; path = Assets.xcassets; sourceTree = "<group>"; };
		8CBC4D381C20C94A00E17510 /* Base */ = {isa = PBXFileReference; lastKnownFileType = file.storyboard; name = Base; path = Base.lproj/LaunchScreen.storyboard; sourceTree = "<group>"; };
		8CBC4D3A1C20C94A00E17510 /* Info.plist */ = {isa = PBXFileReference; lastKnownFileType = text.plist.xml; path = Info.plist; sourceTree = "<group>"; };
		8CBC4D3F1C20C94A00E17510 /* CymbalsTests.xctest */ = {isa = PBXFileReference; explicitFileType = wrapper.cfbundle; includeInIndex = 0; path = CymbalsTests.xctest; sourceTree = BUILT_PRODUCTS_DIR; };
		8CBC4D431C20C94A00E17510 /* CymbalsTests.swift */ = {isa = PBXFileReference; lastKnownFileType = sourcecode.swift; path = CymbalsTests.swift; sourceTree = "<group>"; };
		8CBC4D451C20C94A00E17510 /* Info.plist */ = {isa = PBXFileReference; lastKnownFileType = text.plist.xml; path = Info.plist; sourceTree = "<group>"; };
		8CBC4D4A1C20C94A00E17510 /* CymbalsUITests.xctest */ = {isa = PBXFileReference; explicitFileType = wrapper.cfbundle; includeInIndex = 0; path = CymbalsUITests.xctest; sourceTree = BUILT_PRODUCTS_DIR; };
		8CBC4D4E1C20C94A00E17510 /* CymbalsUITests.swift */ = {isa = PBXFileReference; lastKnownFileType = sourcecode.swift; path = CymbalsUITests.swift; sourceTree = "<group>"; };
		8CBC4D501C20C94A00E17510 /* Info.plist */ = {isa = PBXFileReference; lastKnownFileType = text.plist.xml; path = Info.plist; sourceTree = "<group>"; };
/* End PBXFileReference section */

/* Begin PBXFrameworksBuildPhase section */
		8CBC4D281C20C94A00E17510 /* Frameworks */ = {
			isa = PBXFrameworksBuildPhase;
			buildActionMask = 2147483647;
			files = (
			);
			runOnlyForDeploymentPostprocessing = 0;
		};
		8CBC4D3C1C20C94A00E17510 /* Frameworks */ = {
			isa = PBXFrameworksBuildPhase;
			buildActionMask = 2147483647;
			files = (
			);
			runOnlyForDeploymentPostprocessing = 0;
		};
		8CBC4D471C20C94A00E17510 /* Frameworks */ = {
			isa = PBXFrameworksBuildPhase;
			buildActionMask = 2147483647;
			files = (
			);
			runOnlyForDeploymentPostprocessing = 0;
		};
/* End PBXFrameworksBuildPhase section */

/* Begin PBXGroup section */
		8CBC4D221C20C94A00E17510 = {
			isa = PBXGroup;
			children = (
				8CBC4D2D1C20C94A00E17510 /* Cymbals */,
				8CBC4D421C20C94A00E17510 /* CymbalsTests */,
				8CBC4D4D1C20C94A00E17510 /* CymbalsUITests */,
				8CBC4D2C1C20C94A00E17510 /* Products */,
			);
			sourceTree = "<group>";
		};
		8CBC4D2C1C20C94A00E17510 /* Products */ = {
			isa = PBXGroup;
			children = (
				8CBC4D2B1C20C94A00E17510 /* Cymbals.app */,
				8CBC4D3F1C20C94A00E17510 /* CymbalsTests.xctest */,
				8CBC4D4A1C20C94A00E17510 /* CymbalsUITests.xctest */,
			);
			name = Products;
			sourceTree = "<group>";
		};
		8CBC4D2D1C20C94A00E17510 /* Cymbals */ = {
			isa = PBXGroup;
			children = (
				8CBC4D2E1C20C94A00E17510 /* AppDelegate.swift */,
				8CBC4D301C20C94A00E17510 /* ViewController.swift */,
				8CBC4D321C20C94A00E17510 /* Main.storyboard */,
				8CBC4D351C20C94A00E17510 /* Assets.xcassets */,
				8CBC4D371C20C94A00E17510 /* LaunchScreen.storyboard */,
				8CBC4D3A1C20C94A00E17510 /* Info.plist */,
			);
			path = Cymbals;
			sourceTree = "<group>";
		};
		8CBC4D421C20C94A00E17510 /* CymbalsTests */ = {
			isa = PBXGroup;
			children = (
				8CBC4D431C20C94A00E17510 /* CymbalsTests.swift */,
				8CBC4D451C20C94A00E17510 /* Info.plist */,
			);
			path = CymbalsTests;
			sourceTree = "<group>";
		};
		8CBC4D4D1C20C94A00E17510 /* CymbalsUITests */ = {
			isa = PBXGroup;
			children = (
				8CBC4D4E1C20C94A00E17510 /* CymbalsUITests.swift */,
				8CBC4D501C20C94A00E17510 /* Info.plist */,
			);
			path = CymbalsUITests;
			sourceTree = "<group>";
		};
/* End PBXGroup section */

/* Begin PBXNativeTarget section */
		8CBC4D2A1C20C94A00E17510 /* Cymbals */ = {
			isa = PBXNativeTarget;
			buildConfigurationList = 8CBC4D531C20C94A00E17510 /* Build configuration list for PBXNativeTarget "Cymbals" */;
			buildPhases = (
				8CBC4D271C20C94A00E17510 /* Sources */,
				8CBC4D281C20C94A00E17510 /* Frameworks */,
				8CBC4D291C20C94A00E17510 /* Resources */,
			);
			buildRules = (
			);
			dependencies = (
			);
			name = Cymbals;
			productName = Cymbals;
			productReference = 8CBC4D2B1C20C94A00E17510 /* Cymbals.app */;
			productType = "com.apple.product-type.application";
		};
		8CBC4D3E1C20C94A00E17510 /* CymbalsTests */ = {
			isa = PBXNativeTarget;
			buildConfigurationList = 8CBC4D561C20C94A00E17510 /* Build configuration list for PBXNativeTarget "CymbalsTests" */;
			buildPhases = (
				8CBC4D3B1C20C94A00E17510 /* Sources */,
				8CBC4D3C1C20C94A00E17510 /* Frameworks */,
				8CBC4D3D1C20C94A00E17510 /* Resources */,
			);
			buildRules = (
			);
			dependencies = (
				8CBC4D411C20C94A00E17510 /* PBXTargetDependency */,
			);
			name = CymbalsTests;
			productName = CymbalsTests;
			productReference = 8CBC4D3F1C20C94A00E17510 /* CymbalsTests.xctest */;
			productType = "com.apple.product-type.bundle.unit-test";
		};
		8CBC4D491C20C94A00E17510 /* CymbalsUITests */ = {
			isa = PBXNativeTarget;
			buildConfigurationList = 8CBC4D591C20C94A00E17510 /* Build configuration list for PBXNativeTarget "CymbalsUITests" */;
			buildPhases = (
				8CBC4D461C20C94A00E17510 /* Sources */,
				8CBC4D471C20C94A00E17510 /* Frameworks */,
				8CBC4D481C20C94A00E17510 /* Resources */,
			);
			buildRules = (
			);
			dependencies = (
				8CBC4D4C1C20C94A00E17510 /* PBXTargetDependency */,
			);
			name = CymbalsUITests;
			productName = CymbalsUITests;
			productReference = 8CBC4D4A1C20C94A00E17510 /* CymbalsUITests.xctest */;
			productType = "com.apple.product-type.bundle.ui-testing";
		};
/* End PBXNativeTarget section */

/* Begin PBXProject section */
		8CBC4D231C20C94A00E17510 /* Project object */ = {
			isa = PBXProject;
			attributes = {
				LastSwiftUpdateCheck = 0720;
				LastUpgradeCheck = 0720;
				ORGANIZATIONNAME = "ricardo hernandez ";
				TargetAttributes = {
					8CBC4D2A1C20C94A00E17510 = {
						CreatedOnToolsVersion = 7.2;
					};
					8CBC4D3E1C20C94A00E17510 = {
						CreatedOnToolsVersion = 7.2;
						TestTargetID = 8CBC4D2A1C20C94A00E17510;
					};
					8CBC4D491C20C94A00E17510 = {
						CreatedOnToolsVersion = 7.2;
						TestTargetID = 8CBC4D2A1C20C94A00E17510;
					};
				};
			};
			buildConfigurationList = 8CBC4D261C20C94A00E17510 /* Build configuration list for PBXProject "Cymbals" */;
			compatibilityVersion = "Xcode 3.2";
			developmentRegion = English;
			hasScannedForEncodings = 0;
			knownRegions = (
				en,
				Base,
			);
			mainGroup = 8CBC4D221C20C94A00E17510;
			productRefGroup = 8CBC4D2C1C20C94A00E17510 /* Products */;
			projectDirPath = "";
			projectRoot = "";
			targets = (
				8CBC4D2A1C20C94A00E17510 /* Cymbals */,
				8CBC4D3E1C20C94A00E17510 /* CymbalsTests */,
				8CBC4D491C20C94A00E17510 /* CymbalsUITests */,
			);
		};
/* End PBXProject section */

/* Begin PBXResourcesBuildPhase section */
		8CBC4D291C20C94A00E17510 /* Resources */ = {
			isa = PBXResourcesBuildPhase;
			buildActionMask = 2147483647;
			files = (
				8CBC4D391C20C94A00E17510 /* LaunchScreen.storyboard in Resources */,
				8CBC4D361C20C94A00E17510 /* Assets.xcassets in Resources */,
				8CBC4D341C20C94A00E17510 /* Main.storyboard in Resources */,
			);
			runOnlyForDeploymentPostprocessing = 0;
		};
		8CBC4D3D1C20C94A00E17510 /* Resources */ = {
			isa = PBXResourcesBuildPhase;
			buildActionMask = 2147483647;
			files = (
			);
			runOnlyForDeploymentPostprocessing = 0;
		};
		8CBC4D481C20C94A00E17510 /* Resources */ = {
			isa = PBXResourcesBuildPhase;
			buildActionMask = 2147483647;
			files = (
			);
			runOnlyForDeploymentPostprocessing = 0;
		};
/* End PBXResourcesBuildPhase section */

/* Begin PBXSourcesBuildPhase section */
		8CBC4D271C20C94A00E17510 /* Sources */ = {
			isa = PBXSourcesBuildPhase;
			buildActionMask = 2147483647;
			files = (
				8CBC4D311C20C94A00E17510 /* ViewController.swift in Sources */,
				8CBC4D2F1C20C94A00E17510 /* AppDelegate.swift in Sources */,
			);
			runOnlyForDeploymentPostprocessing = 0;
		};
		8CBC4D3B1C20C94A00E17510 /* Sources */ = {
			isa = PBXSourcesBuildPhase;
			buildActionMask = 2147483647;
			files = (
				8CBC4D441C20C94A00E17510 /* CymbalsTests.swift in Sources */,
			);
			runOnlyForDeploymentPostprocessing = 0;
		};
		8CBC4D461C20C94A00E17510 /* Sources */ = {
			isa = PBXSourcesBuildPhase;
			buildActionMask = 2147483647;
			files = (
				8CBC4D4F1C20C94A00E17510 /* CymbalsUITests.swift in Sources */,
			);
			runOnlyForDeploymentPostprocessing = 0;
		};
/* End PBXSourcesBuildPhase section */

/* Begin PBXTargetDependency section */
		8CBC4D411C20C94A00E17510 /* PBXTargetDependency */ = {
			isa = PBXTargetDependency;
			target = 8CBC4D2A1C20C94A00E17510 /* Cymbals */;
			targetProxy = 8CBC4D401C20C94A00E17510 /* PBXContainerItemProxy */;
		};
		8CBC4D4C1C20C94A00E17510 /* PBXTargetDependency */ = {
			isa = PBXTargetDependency;
			target = 8CBC4D2A1C20C94A00E17510 /* Cymbals */;
			targetProxy = 8CBC4D4B1C20C94A00E17510 /* PBXContainerItemProxy */;
		};
/* End PBXTargetDependency section */

/* Begin PBXVariantGroup section */
		8CBC4D321C20C94A00E17510 /* Main.storyboard */ = {
			isa = PBXVariantGroup;
			children = (
				8CBC4D331C20C94A00E17510 /* Base */,
			);
			name = Main.storyboard;
			sourceTree = "<group>";
		};
		8CBC4D371C20C94A00E17510 /* LaunchScreen.storyboard */ = {
			isa = PBXVariantGroup;
			children = (
				8CBC4D381C20C94A00E17510 /* Base */,
			);
			name = LaunchScreen.storyboard;
			sourceTree = "<group>";
		};
/* End PBXVariantGroup section */

/* Begin XCBuildConfiguration section */
		8CBC4D511C20C94A00E17510 /* Debug */ = {
			isa = XCBuildConfiguration;
			buildSettings = {
				ALWAYS_SEARCH_USER_PATHS = NO;
				CLANG_CXX_LANGUAGE_STANDARD = "gnu++0x";
				CLANG_CXX_LIBRARY = "libc++";
				CLANG_ENABLE_MODULES = YES;
				CLANG_ENABLE_OBJC_ARC = YES;
				CLANG_WARN_BOOL_CONVERSION = YES;
				CLANG_WARN_CONSTANT_CONVERSION = YES;
				CLANG_WARN_DIRECT_OBJC_ISA_USAGE = YES_ERROR;
				CLANG_WARN_EMPTY_BODY = YES;
				CLANG_WARN_ENUM_CONVERSION = YES;
				CLANG_WARN_INT_CONVERSION = YES;
				CLANG_WARN_OBJC_ROOT_CLASS = YES_ERROR;
				CLANG_WARN_UNREACHABLE_CODE = YES;
				CLANG_WARN__DUPLICATE_METHOD_MATCH = YES;
				"CODE_SIGN_IDENTITY[sdk=iphoneos*]" = "iPhone Developer";
				COPY_PHASE_STRIP = NO;
				DEBUG_INFORMATION_FORMAT = dwarf;
				ENABLE_STRICT_OBJC_MSGSEND = YES;
				ENABLE_TESTABILITY = YES;
				GCC_C_LANGUAGE_STANDARD = gnu99;
				GCC_DYNAMIC_NO_PIC = NO;
				GCC_NO_COMMON_BLOCKS = YES;
				GCC_OPTIMIZATION_LEVEL = 0;
				GCC_PREPROCESSOR_DEFINITIONS = (
					"DEBUG=1",
					"$(inherited)",
				);
				GCC_WARN_64_TO_32_BIT_CONVERSION = YES;
				GCC_WARN_ABOUT_RETURN_TYPE = YES_ERROR;
				GCC_WARN_UNDECLARED_SELECTOR = YES;
				GCC_WARN_UNINITIALIZED_AUTOS = YES_AGGRESSIVE;
				GCC_WARN_UNUSED_FUNCTION = YES;
				GCC_WARN_UNUSED_VARIABLE = YES;
				IPHONEOS_DEPLOYMENT_TARGET = 9.2;
				MTL_ENABLE_DEBUG_INFO = YES;
				ONLY_ACTIVE_ARCH = YES;
				SDKROOT = iphoneos;
				SWIFT_OPTIMIZATION_LEVEL = "-Onone";
			};
			name = Debug;
		};
		8CBC4D521C20C94A00E17510 /* Release */ = {
			isa = XCBuildConfiguration;
			buildSettings = {
				ALWAYS_SEARCH_USER_PATHS = NO;
				CLANG_CXX_LANGUAGE_STANDARD = "gnu++0x";
				CLANG_CXX_LIBRARY = "libc++";
				CLANG_ENABLE_MODULES = YES;
				CLANG_ENABLE_OBJC_ARC = YES;
				CLANG_WARN_BOOL_CONVERSION = YES;
				CLANG_WARN_CONSTANT_CONVERSION = YES;
				CLANG_WARN_DIRECT_OBJC_ISA_USAGE = YES_ERROR;
				CLANG_WARN_EMPTY_BODY = YES;
				CLANG_WARN_ENUM_CONVERSION = YES;
				CLANG_WARN_INT_CONVERSION = YES;
				CLANG_WARN_OBJC_ROOT_CLASS = YES_ERROR;
				CLANG_WARN_UNREACHABLE_CODE = YES;
				CLANG_WARN__DUPLICATE_METHOD_MATCH = YES;
				"CODE_SIGN_IDENTITY[sdk=iphoneos*]" = "iPhone Developer";
				COPY_PHASE_STRIP = NO;
				DEBUG_INFORMATION_FORMAT = "dwarf-with-dsym";
				ENABLE_NS_ASSERTIONS = NO;
				ENABLE_STRICT_OBJC_MSGSEND = YES;
				GCC_C_LANGUAGE_STANDARD = gnu99;
				GCC_NO_COMMON_BLOCKS = YES;
				GCC_WARN_64_TO_32_BIT_CONVERSION = YES;
				GCC_WARN_ABOUT_RETURN_TYPE = YES_ERROR;
				GCC_WARN_UNDECLARED_SELECTOR = YES;
				GCC_WARN_UNINITIALIZED_AUTOS = YES_AGGRESSIVE;
				GCC_WARN_UNUSED_FUNCTION = YES;
				GCC_WARN_UNUSED_VARIABLE = YES;
				IPHONEOS_DEPLOYMENT_TARGET = 9.2;
				MTL_ENABLE_DEBUG_INFO = NO;
				SDKROOT = iphoneos;
				VALIDATE_PRODUCT = YES;
			};
			name = Release;
		};
		8CBC4D541C20C94A00E17510 /* Debug */ = {
			isa = XCBuildConfiguration;
			buildSettings = {
				ASSETCATALOG_COMPILER_APPICON_NAME = AppIcon;
				INFOPLIST_FILE = Cymbals/Info.plist;
				LD_RUNPATH_SEARCH_PATHS = "$(inherited) @executable_path/Frameworks";
				PRODUCT_BUNDLE_IDENTIFIER = Cymbals.Cymbals;
				PRODUCT_NAME = "$(TARGET_NAME)";
			};
			name = Debug;
		};
		8CBC4D551C20C94A00E17510 /* Release */ = {
			isa = XCBuildConfiguration;
			buildSettings = {
				ASSETCATALOG_COMPILER_APPICON_NAME = AppIcon;
				INFOPLIST_FILE = Cymbals/Info.plist;
				LD_RUNPATH_SEARCH_PATHS = "$(inherited) @executable_path/Frameworks";
				PRODUCT_BUNDLE_IDENTIFIER = Cymbals.Cymbals;
				PRODUCT_NAME = "$(TARGET_NAME)";
			};
			name = Release;
		};
		8CBC4D571C20C94A00E17510 /* Debug */ = {
			isa = XCBuildConfiguration;
			buildSettings = {
				BUNDLE_LOADER = "$(TEST_HOST)";
				INFOPLIST_FILE = CymbalsTests/Info.plist;
				LD_RUNPATH_SEARCH_PATHS = "$(inherited) @executable_path/Frameworks @loader_path/Frameworks";
				PRODUCT_BUNDLE_IDENTIFIER = Cymbals.CymbalsTests;
				PRODUCT_NAME = "$(TARGET_NAME)";
				TEST_HOST = "$(BUILT_PRODUCTS_DIR)/Cymbals.app/Cymbals";
			};
			name = Debug;
		};
		8CBC4D581C20C94A00E17510 /* Release */ = {
			isa = XCBuildConfiguration;
			buildSettings = {
				BUNDLE_LOADER = "$(TEST_HOST)";
				INFOPLIST_FILE = CymbalsTests/Info.plist;
				LD_RUNPATH_SEARCH_PATHS = "$(inherited) @executable_path/Frameworks @loader_path/Frameworks";
				PRODUCT_BUNDLE_IDENTIFIER = Cymbals.CymbalsTests;
				PRODUCT_NAME = "$(TARGET_NAME)";
				TEST_HOST = "$(BUILT_PRODUCTS_DIR)/Cymbals.app/Cymbals";
			};
			name = Release;
		};
		8CBC4D5A1C20C94A00E17510 /* Debug */ = {
			isa = XCBuildConfiguration;
			buildSettings = {
				INFOPLIST_FILE = CymbalsUITests/Info.plist;
				LD_RUNPATH_SEARCH_PATHS = "$(inherited) @executable_path/Frameworks @loader_path/Frameworks";
				PRODUCT_BUNDLE_IDENTIFIER = Cymbals.CymbalsUITests;
				PRODUCT_NAME = "$(TARGET_NAME)";
				TEST_TARGET_NAME = Cymbals;
				USES_XCTRUNNER = YES;
			};
			name = Debug;
		};
		8CBC4D5B1C20C94A00E17510 /* Release */ = {
			isa = XCBuildConfiguration;
			buildSettings = {
				INFOPLIST_FILE = CymbalsUITests/Info.plist;
				LD_RUNPATH_SEARCH_PATHS = "$(inherited) @executable_path/Frameworks @loader_path/Frameworks";
				PRODUCT_BUNDLE_IDENTIFIER = Cymbals.CymbalsUITests;
				PRODUCT_NAME = "$(TARGET_NAME)";
				TEST_TARGET_NAME = Cymbals;
				USES_XCTRUNNER = YES;
			};
			name = Release;
		};
/* End XCBuildConfiguration section */

/* Begin XCConfigurationList section */
		8CBC4D261C20C94A00E17510 /* Build configuration list for PBXProject "Cymbals" */ = {
			isa = XCConfigurationList;
			buildConfigurations = (
				8CBC4D511C20C94A00E17510 /* Debug */,
				8CBC4D521C20C94A00E17510 /* Release */,
			);
			defaultConfigurationIsVisible = 0;
			defaultConfigurationName = Release;
		};
		8CBC4D531C20C94A00E17510 /* Build configuration list for PBXNativeTarget "Cymbals" */ = {
			isa = XCConfigurationList;
			buildConfigurations = (
				8CBC4D541C20C94A00E17510 /* Debug */,
				8CBC4D551C20C94A00E17510 /* Release */,
			);
			defaultConfigurationIsVisible = 0;
		};
		8CBC4D561C20C94A00E17510 /* Build configuration list for PBXNativeTarget "CymbalsTests" */ = {
			isa = XCConfigurationList;
			buildConfigurations = (
				8CBC4D571C20C94A00E17510 /* Debug */,
				8CBC4D581C20C94A00E17510 /* Release */,
			);
			defaultConfigurationIsVisible = 0;
		};
		8CBC4D591C20C94A00E17510 /* Build configuration list for PBXNativeTarget "CymbalsUITests" */ = {
			isa = XCConfigurationList;
			buildConfigurations = (
				8CBC4D5A1C20C94A00E17510 /* Debug */,
				8CBC4D5B1C20C94A00E17510 /* Release */,
			);
			defaultConfigurationIsVisible = 0;
		};
/* End XCConfigurationList section */
	};
	rootObject = 8CBC4D231C20C94A00E17510 /* Project object */;
}
